
Microsoft Visual Studio Solution File, Format Version 12.00
# Visual Studio 2012
Project("{2150E333-8FDC-42A3-9474-1A3956D46DE8}") = "Solution Items", "Solution Items", "{A3D18942-1CAE-4EB7-8B35-22CD2A380512}"
	ProjectSection(SolutionItems) = preProject
		..\License.md = ..\License.md
		..\ReadMe.md = ..\ReadMe.md
		..\RoadMap.md = ..\RoadMap.md
	EndProjectSection
EndProject
Project("{2150E333-8FDC-42A3-9474-1A3956D46DE8}") = "Examples", "Examples", "{516FD7CB-B8E8-439F-A394-7D3A816A8AE8}"
EndProject
Project("{FAE04EC0-301F-11D3-BF4B-00C04F79EFBC}") = "The.Rules.CustomDescriber", "The.Rules.CustomDescriber\The.Rules.CustomDescriber.csproj", "{90D505CF-8273-4855-AA92-D7D5526F821A}"
EndProject
Project("{FAE04EC0-301F-11D3-BF4B-00C04F79EFBC}") = "The.Rules.Examples", "The.Rules.Examples\The.Rules.Examples.csproj", "{EB79FB11-5663-46CE-83D0-60E85DB28864}"
EndProject
Project("{FAE04EC0-301F-11D3-BF4B-00C04F79EFBC}") = "The.Rules", "The.Rules\The.Rules.csproj", "{FE3DA208-8573-477E-8C34-D4DF737ACE5A}"
EndProject
Project("{FAE04EC0-301F-11D3-BF4B-00C04F79EFBC}") = "The.Rules.Tests", "The.Rules.Tests\The.Rules.Tests.csproj", "{A44C25F5-5033-4C5A-A82D-8C3B86A47010}"
EndProject
Global
	GlobalSection(SolutionConfigurationPlatforms) = preSolution
		Debug|Any CPU = Debug|Any CPU
		Release|Any CPU = Release|Any CPU
	EndGlobalSection
	GlobalSection(ProjectConfigurationPlatforms) = postSolution
		{90D505CF-8273-4855-AA92-D7D5526F821A}.Debug|Any CPU.ActiveCfg = Debug|Any CPU
		{90D505CF-8273-4855-AA92-D7D5526F821A}.Debug|Any CPU.Build.0 = Debug|Any CPU
		{90D505CF-8273-4855-AA92-D7D5526F821A}.Release|Any CPU.ActiveCfg = Release|Any CPU
		{90D505CF-8273-4855-AA92-D7D5526F821A}.Release|Any CPU.Build.0 = Release|Any CPU
		{EB79FB11-5663-46CE-83D0-60E85DB28864}.Debug|Any CPU.ActiveCfg = Debug|Any CPU
		{EB79FB11-5663-46CE-83D0-60E85DB28864}.Debug|Any CPU.Build.0 = Debug|Any CPU
		{EB79FB11-5663-46CE-83D0-60E85DB28864}.Release|Any CPU.ActiveCfg = Release|Any CPU
		{EB79FB11-5663-46CE-83D0-60E85DB28864}.Release|Any CPU.Build.0 = Release|Any CPU
		{FE3DA208-8573-477E-8C34-D4DF737ACE5A}.Debug|Any CPU.ActiveCfg = Debug|Any CPU
		{FE3DA208-8573-477E-8C34-D4DF737ACE5A}.Debug|Any CPU.Build.0 = Debug|Any CPU
		{FE3DA208-8573-477E-8C34-D4DF737ACE5A}.Release|Any CPU.ActiveCfg = Release|Any CPU
		{FE3DA208-8573-477E-8C34-D4DF737ACE5A}.Release|Any CPU.Build.0 = Release|Any CPU
		{A44C25F5-5033-4C5A-A82D-8C3B86A47010}.Debug|Any CPU.ActiveCfg = Debug|Any CPU
		{A44C25F5-5033-4C5A-A82D-8C3B86A47010}.Debug|Any CPU.Build.0 = Debug|Any CPU
		{A44C25F5-5033-4C5A-A82D-8C3B86A47010}.Release|Any CPU.ActiveCfg = Release|Any CPU
		{A44C25F5-5033-4C5A-A82D-8C3B86A47010}.Release|Any CPU.Build.0 = Release|Any CPU
	EndGlobalSection
	GlobalSection(SolutionProperties) = preSolution
		HideSolutionNode = FALSE
	EndGlobalSection
	GlobalSection(NestedProjects) = preSolution
		{90D505CF-8273-4855-AA92-D7D5526F821A} = {516FD7CB-B8E8-439F-A394-7D3A816A8AE8}
		{EB79FB11-5663-46CE-83D0-60E85DB28864} = {516FD7CB-B8E8-439F-A394-7D3A816A8AE8}
	EndGlobalSection
EndGlobal
